<?xml version="1.0" encoding="utf-8"?>
<Project ToolsVersion="4.0" xmlns:atg="http://atg.xbox.com" xmlns="http://schemas.microsoft.com/developer/msbuild/2003">
  <ItemGroup>
    <Filter Include="Resource Files">
      <UniqueIdentifier>{8e114980-c1a3-4ada-ad7c-83caadf5daeb}</UniqueIdentifier>
      <Extensions>rc;ico;cur;bmp;dlg;rc2;rct;bin;rgs;gif;jpg;jpeg;jpe</Extensions>
    </Filter>
    <Filter Include="DXUT">
      <UniqueIdentifier>{a43c5c25-0e86-4a20-b64a-883785ff74fd}</UniqueIdentifier>
    </Filter>
    <Filter Include="Shaders">
      <UniqueIdentifier>{2c3d4c8c-5d1a-459a-a05a-a4e4b608a44e}</UniqueIdentifier>
      <Extensions>fx;fxh;hlsl</Extensions>
    </Filter>
    <Filter Include="1. MainGame">
      <UniqueIdentifier>{e1cde915-f266-4b08-a34d-eea1a48fbf6a}</UniqueIdentifier>
    </Filter>
    <Filter Include="2. Manager">
      <UniqueIdentifier>{f4678b10-887d-4a55-a6cf-ccd2e59f699b}</UniqueIdentifier>
    </Filter>
    <Filter Include="2. Manager\%281%29 Singleton">
      <UniqueIdentifier>{a22a8138-3e20-4398-ae71-3986465e4a57}</UniqueIdentifier>
    </Filter>
    <Filter Include="2. Manager\%282%29 Object">
      <UniqueIdentifier>{5787aedc-bfd7-4a2e-accc-f7ca356e64eb}</UniqueIdentifier>
    </Filter>
    <Filter Include="2. Manager\%281%29 Singleton\Image">
      <UniqueIdentifier>{fa1f7095-4fb5-43fc-87e4-511cc45fa957}</UniqueIdentifier>
    </Filter>
    <Filter Include="2. Manager\%281%29 Singleton\Camera">
      <UniqueIdentifier>{a23ff7c1-d2ce-4bb4-982e-113a0ceb8f43}</UniqueIdentifier>
    </Filter>
    <Filter Include="2. Manager\%281%29 Singleton\Render">
      <UniqueIdentifier>{cdb3c502-0535-4c3c-92e8-04920932e00f}</UniqueIdentifier>
    </Filter>
    <Filter Include="2. Manager\%281%29 Singleton\Scene">
      <UniqueIdentifier>{b06804e3-53bf-4f7b-9a50-858d264dc953}</UniqueIdentifier>
    </Filter>
    <Filter Include="2. Manager\%281%29 Singleton\Sound">
      <UniqueIdentifier>{f003b559-edfc-4397-9527-87fd9ba0ca2a}</UniqueIdentifier>
    </Filter>
    <Filter Include="2. Manager\%282%29 Object\Singleton">
      <UniqueIdentifier>{b9dcd494-7a68-4a78-a83e-28cd43fac06a}</UniqueIdentifier>
    </Filter>
    <Filter Include="2. Manager\%282%29 Object\Timer">
      <UniqueIdentifier>{f6cd9878-c930-4b5d-bb46-f61be4f41942}</UniqueIdentifier>
    </Filter>
    <Filter Include="3. Component">
      <UniqueIdentifier>{e3e4f509-5b2b-4436-8eb6-05e55e528158}</UniqueIdentifier>
    </Filter>
    <Filter Include="4. Object">
      <UniqueIdentifier>{11230c11-4c68-42e6-9544-5f11c98be01e}</UniqueIdentifier>
    </Filter>
    <Filter Include="5. Scene">
      <UniqueIdentifier>{d914ee78-f84e-4da9-a98b-2d274cdae391}</UniqueIdentifier>
    </Filter>
    <Filter Include="5. Scene\Scene_Title">
      <UniqueIdentifier>{942893d5-61fa-4a71-b47b-a31a56929072}</UniqueIdentifier>
    </Filter>
    <Filter Include="5. Scene\Scene_Loading">
      <UniqueIdentifier>{992e76b6-8a44-4522-98f1-a6332a79cce8}</UniqueIdentifier>
    </Filter>
    <Filter Include="2. Manager\%281%29 Singleton\Object">
      <UniqueIdentifier>{2fae4558-ae10-4a73-bf1a-8e4ff782718b}</UniqueIdentifier>
    </Filter>
    <Filter Include="4. Object\Object">
      <UniqueIdentifier>{5b583cf4-19a8-475e-9be6-1fbee5c28c8a}</UniqueIdentifier>
    </Filter>
    <Filter Include="3. Component\C - AnimationC">
      <UniqueIdentifier>{72eac0c9-7419-44f9-96dc-51d161edff93}</UniqueIdentifier>
    </Filter>
    <Filter Include="3. Component\C - RenderC">
      <UniqueIdentifier>{1cf2bcbb-fa81-4522-a8c9-d4960b08f610}</UniqueIdentifier>
    </Filter>
    <Filter Include="3. Component\C - TransformC">
      <UniqueIdentifier>{cd5675b7-0f1f-4192-bfc1-55ab8c599dd4}</UniqueIdentifier>
    </Filter>
    <Filter Include="2. Manager\%281%29 Singleton\Input">
      <UniqueIdentifier>{a6fc7a55-16b6-43bd-a98c-82b7cb561b7f}</UniqueIdentifier>
    </Filter>
    <Filter Include="3. Component\Game Object">
      <UniqueIdentifier>{37cf352f-f260-409c-9b57-7d129f467dc0}</UniqueIdentifier>
    </Filter>
    <Filter Include="3. Component\Game Object\Player">
      <UniqueIdentifier>{1881cc29-b3a3-4d9c-b955-e1778132fe08}</UniqueIdentifier>
    </Filter>
    <Filter Include="3. Component\Game Object\Bullet">
      <UniqueIdentifier>{bde36f11-6042-4ef1-98e6-2311f8ca7bf2}</UniqueIdentifier>
    </Filter>
    <Filter Include="3. Component\Game Object\Bullet\Base Bullet">
      <UniqueIdentifier>{94dfa905-26ac-4cae-8de3-5cca6ca729c5}</UniqueIdentifier>
    </Filter>
    <Filter Include="3. Component\Base Component">
      <UniqueIdentifier>{f6299e8c-1eab-4612-9472-bff101fe08fc}</UniqueIdentifier>
    </Filter>
    <Filter Include="2. Manager\%281%29 Singleton\Particle">
      <UniqueIdentifier>{da3aab2e-18db-41b2-8ea8-b077eaa342d7}</UniqueIdentifier>
    </Filter>
    <Filter Include="3. Component\Collider">
      <UniqueIdentifier>{2aa28142-36ee-46a7-8325-f1c39fa7ea20}</UniqueIdentifier>
    </Filter>
    <Filter Include="3. Component\Collider\C - BoxColliderC">
      <UniqueIdentifier>{624df4bd-0aa7-4230-9c7f-b8413ea68ef0}</UniqueIdentifier>
    </Filter>
    <Filter Include="3. Component\Game Object\Button">
      <UniqueIdentifier>{664f2120-550e-42b4-8cb9-d52e2b74c0d6}</UniqueIdentifier>
    </Filter>
    <Filter Include="3. Component\Game Object\Enemy">
      <UniqueIdentifier>{0a9577d0-8479-4602-b503-1bded8ddd7d6}</UniqueIdentifier>
    </Filter>
    <Filter Include="5. Scene\Stage">
      <UniqueIdentifier>{931138d9-9674-48ff-9e94-ed7511cab215}</UniqueIdentifier>
    </Filter>
    <Filter Include="5. Scene\Stage\Scene_Stage1">
      <UniqueIdentifier>{2a6fa604-2775-4bfe-8f63-dcefa045a1bd}</UniqueIdentifier>
    </Filter>
    <Filter Include="3. Component\Game Object\Enemy\Stage 1">
      <UniqueIdentifier>{4b6fb84f-d589-4cf4-b85d-e3d192636de4}</UniqueIdentifier>
    </Filter>
    <Filter Include="3. Component\Game Object\Enemy\Stage 1\Boss">
      <UniqueIdentifier>{8ced48bf-4239-40c2-bb69-438076013b5c}</UniqueIdentifier>
    </Filter>
    <Filter Include="2. Manager\%282%29 Object\Pattern Helper">
      <UniqueIdentifier>{291435c5-d5a2-4d8b-b2c2-efa2256e579f}</UniqueIdentifier>
    </Filter>
    <Filter Include="3. Component\Game Object\Enemy\Stage 1\Enemy 1">
      <UniqueIdentifier>{222869bb-0e7f-4741-b8fd-49556576865c}</UniqueIdentifier>
    </Filter>
    <Filter Include="3. Component\Game Object\Enemy\Stage 1\Enemy 2">
      <UniqueIdentifier>{cc3e4a65-44d1-48c2-831b-7eff2a472748}</UniqueIdentifier>
    </Filter>
    <Filter Include="2. Manager\%282%29 Object\Object Pool">
      <UniqueIdentifier>{4778b86b-5c60-44b1-b8ce-d35b5e394313}</UniqueIdentifier>
    </Filter>
    <Filter Include="3. Component\Game Object\Enemy\Stage 1\Enemy 3">
      <UniqueIdentifier>{053a97bd-68c0-49ff-bc63-3548cbca1825}</UniqueIdentifier>
    </Filter>
    <Filter Include="2. Manager\%282%29 Object\Scroll Helper">
      <UniqueIdentifier>{f6819345-0651-4646-9895-fc5120f2f3b0}</UniqueIdentifier>
    </Filter>
    <Filter Include="2. Manager\%282%29 Object\Object Pool\Bullet Pool">
      <UniqueIdentifier>{bf57d0f1-4175-4b41-b83c-7390cbaa3df1}</UniqueIdentifier>
    </Filter>
    <Filter Include="2. Manager\%282%29 Object\Fire Helper">
      <UniqueIdentifier>{381f0647-8f7c-4c7b-ab23-0ce42dfab3cd}</UniqueIdentifier>
    </Filter>
  </ItemGroup>
  <ItemGroup>
    <None Include="DXUT\Optional\directx.ico">
      <Filter>Resource Files</Filter>
    </None>
    <ClInclude Include="DXUT\Core\DXUT.h">
      <Filter>DXUT</Filter>
    </ClInclude>
    <ClInclude Include="DXUT\Core\DXUTenum.h">
      <Filter>DXUT</Filter>
    </ClInclude>
    <ClInclude Include="DXUT\Core\DXUTmisc.h">
      <Filter>DXUT</Filter>
    </ClInclude>
    <ClCompile Include="DXUT\Core\DXUT.cpp">
      <Filter>DXUT</Filter>
    </ClCompile>
    <ClCompile Include="DXUT\Core\DXUTenum.cpp">
      <Filter>DXUT</Filter>
    </ClCompile>
    <ClCompile Include="DXUT\Core\DXUTmisc.cpp">
      <Filter>DXUT</Filter>
    </ClCompile>
    <ClInclude Include="DXUT\Optional\DXUTcamera.h">
      <Filter>DXUT</Filter>
    </ClInclude>
    <ClInclude Include="DXUT\Optional\DXUTgui.h">
      <Filter>DXUT</Filter>
    </ClInclude>
    <ClInclude Include="DXUT\Optional\DXUTres.h">
      <Filter>DXUT</Filter>
    </ClInclude>
    <ClInclude Include="DXUT\Optional\DXUTsettingsdlg.h">
      <Filter>DXUT</Filter>
    </ClInclude>
    <ClInclude Include="DXUT\Optional\SDKmesh.h">
      <Filter>DXUT</Filter>
    </ClInclude>
    <ClInclude Include="DXUT\Optional\SDKmisc.h">
      <Filter>DXUT</Filter>
    </ClInclude>
    <ClCompile Include="DXUT\Optional\DXUTcamera.cpp">
      <Filter>DXUT</Filter>
    </ClCompile>
    <ClCompile Include="DXUT\Optional\DXUTgui.cpp">
      <Filter>DXUT</Filter>
    </ClCompile>
    <ClCompile Include="DXUT\Optional\DXUTres.cpp">
      <Filter>DXUT</Filter>
    </ClCompile>
    <ClCompile Include="DXUT\Optional\DXUTsettingsdlg.cpp">
      <Filter>DXUT</Filter>
    </ClCompile>
    <ClCompile Include="DXUT\Optional\SDKmesh.cpp">
      <Filter>DXUT</Filter>
    </ClCompile>
    <ClCompile Include="DXUT\Optional\SDKmisc.cpp">
      <Filter>DXUT</Filter>
    </ClCompile>
  </ItemGroup>
  <ItemGroup>
    <ClCompile Include="DX9_Framework_Project.cpp" />
    <ClCompile Include="Singleton.cpp">
      <Filter>2. Manager\%282%29 Object\Singleton</Filter>
    </ClCompile>
    <ClCompile Include="Image.cpp">
      <Filter>2. Manager\%281%29 Singleton\Image</Filter>
    </ClCompile>
    <ClCompile Include="RenderManager.cpp">
      <Filter>2. Manager\%281%29 Singleton\Render</Filter>
    </ClCompile>
    <ClCompile Include="SoundManager.cpp">
      <Filter>2. Manager\%281%29 Singleton\Sound</Filter>
    </ClCompile>
    <ClCompile Include="Component.cpp">
      <Filter>3. Component\Base Component</Filter>
    </ClCompile>
    <ClCompile Include="SDKsound.cpp" />
    <ClCompile Include="SDKwavefile.cpp" />
    <ClCompile Include="ImageManager.cpp">
      <Filter>2. Manager\%281%29 Singleton\Image</Filter>
    </ClCompile>
    <ClCompile Include="Sound.cpp">
      <Filter>2. Manager\%281%29 Singleton\Sound</Filter>
    </ClCompile>
    <ClCompile Include="Scene.cpp">
      <Filter>2. Manager\%281%29 Singleton\Scene</Filter>
    </ClCompile>
    <ClCompile Include="SceneManager.cpp">
      <Filter>2. Manager\%281%29 Singleton\Scene</Filter>
    </ClCompile>
    <ClCompile Include="MainGame.cpp">
      <Filter>1. MainGame</Filter>
    </ClCompile>
    <ClCompile Include="CameraManager.cpp">
      <Filter>2. Manager\%281%29 Singleton\Camera</Filter>
    </ClCompile>
    <ClCompile Include="Scene_Title.cpp">
      <Filter>5. Scene\Scene_Title</Filter>
    </ClCompile>
    <ClCompile Include="Timer.cpp">
      <Filter>2. Manager\%282%29 Object\Timer</Filter>
    </ClCompile>
    <ClCompile Include="RendererC.cpp">
      <Filter>3. Component\C - RenderC</Filter>
    </ClCompile>
    <ClCompile Include="Scene_Loading.cpp">
      <Filter>5. Scene\Scene_Loading</Filter>
    </ClCompile>
    <ClCompile Include="ObjectManager.cpp">
      <Filter>2. Manager\%281%29 Singleton\Object</Filter>
    </ClCompile>
    <ClCompile Include="Object.cpp">
      <Filter>4. Object\Object</Filter>
    </ClCompile>
    <ClCompile Include="Player.cpp">
      <Filter>3. Component\Game Object\Player</Filter>
    </ClCompile>
    <ClCompile Include="TransformC.cpp">
      <Filter>3. Component\C - TransformC</Filter>
    </ClCompile>
    <ClCompile Include="AnimationC.cpp">
      <Filter>3. Component\C - AnimationC</Filter>
    </ClCompile>
    <ClCompile Include="Scene_Stage1.cpp">
      <Filter>5. Scene\Stage\Scene_Stage1</Filter>
    </ClCompile>
    <ClCompile Include="InputManager.cpp">
      <Filter>2. Manager\%281%29 Singleton\Input</Filter>
    </ClCompile>
    <ClCompile Include="Bullet.cpp">
      <Filter>3. Component\Game Object\Bullet\Base Bullet</Filter>
    </ClCompile>
    <ClCompile Include="ParticleManager.cpp">
      <Filter>2. Manager\%281%29 Singleton\Particle</Filter>
    </ClCompile>
    <ClCompile Include="BoxColliderC.cpp">
      <Filter>3. Component\Collider\C - BoxColliderC</Filter>
    </ClCompile>
    <ClCompile Include="Button.cpp">
      <Filter>3. Component\Game Object\Button</Filter>
    </ClCompile>
    <ClCompile Include="Boss1_1.cpp">
      <Filter>3. Component\Game Object\Enemy\Stage 1\Boss</Filter>
    </ClCompile>
    <ClCompile Include="PatternHelper.cpp">
      <Filter>2. Manager\%282%29 Object\Pattern Helper</Filter>
    </ClCompile>
    <ClCompile Include="Enemy1_1.cpp">
      <Filter>3. Component\Game Object\Enemy\Stage 1\Enemy 1</Filter>
    </ClCompile>
    <ClCompile Include="Enemy1_2.cpp">
      <Filter>3. Component\Game Object\Enemy\Stage 1\Enemy 2</Filter>
    </ClCompile>
    <ClCompile Include="BulletPool.cpp">
      <Filter>2. Manager\%282%29 Object\Object Pool\Bullet Pool</Filter>
    </ClCompile>
    <ClCompile Include="Enemy1_3.cpp">
      <Filter>3. Component\Game Object\Enemy\Stage 1\Enemy 3</Filter>
    </ClCompile>
    <ClCompile Include="ScrollHelper.cpp">
      <Filter>2. Manager\%282%29 Object\Scroll Helper</Filter>
    </ClCompile>
    <ClCompile Include="FireHelper.cpp">
      <Filter>2. Manager\%282%29 Object\Fire Helper</Filter>
    </ClCompile>
  </ItemGroup>
  <ItemGroup>
    <ClInclude Include="stdafx.h" />
    <ClInclude Include="Singleton.h">
      <Filter>2. Manager\%282%29 Object\Singleton</Filter>
    </ClInclude>
    <ClInclude Include="Image.h">
      <Filter>2. Manager\%281%29 Singleton\Image</Filter>
    </ClInclude>
    <ClInclude Include="RenderManager.h">
      <Filter>2. Manager\%281%29 Singleton\Render</Filter>
    </ClInclude>
    <ClInclude Include="SoundManager.h">
      <Filter>2. Manager\%281%29 Singleton\Sound</Filter>
    </ClInclude>
    <ClInclude Include="Component.h">
      <Filter>3. Component\Base Component</Filter>
    </ClInclude>
    <ClInclude Include="SDKsound.h" />
    <ClInclude Include="SDKwavefile.h" />
    <ClInclude Include="ImageManager.h">
      <Filter>2. Manager\%281%29 Singleton\Image</Filter>
    </ClInclude>
    <ClInclude Include="Sound.h">
      <Filter>2. Manager\%281%29 Singleton\Sound</Filter>
    </ClInclude>
    <ClInclude Include="Scene.h">
      <Filter>2. Manager\%281%29 Singleton\Scene</Filter>
    </ClInclude>
    <ClInclude Include="SceneManager.h">
      <Filter>2. Manager\%281%29 Singleton\Scene</Filter>
    </ClInclude>
    <ClInclude Include="MainGame.h">
      <Filter>1. MainGame</Filter>
    </ClInclude>
    <ClInclude Include="CameraManager.h">
      <Filter>2. Manager\%281%29 Singleton\Camera</Filter>
    </ClInclude>
    <ClInclude Include="Scene_Title.h">
      <Filter>5. Scene\Scene_Title</Filter>
    </ClInclude>
    <ClInclude Include="Timer.h">
      <Filter>2. Manager\%282%29 Object\Timer</Filter>
    </ClInclude>
    <ClInclude Include="RendererC.h">
      <Filter>3. Component\C - RenderC</Filter>
    </ClInclude>
    <ClInclude Include="Scene_Loading.h">
      <Filter>5. Scene\Scene_Loading</Filter>
    </ClInclude>
    <ClInclude Include="ObjectManager.h">
      <Filter>2. Manager\%281%29 Singleton\Object</Filter>
    </ClInclude>
    <ClInclude Include="Object.h">
      <Filter>4. Object\Object</Filter>
    </ClInclude>
    <ClInclude Include="Player.h">
      <Filter>3. Component\Game Object\Player</Filter>
    </ClInclude>
    <ClInclude Include="TransformC.h">
      <Filter>3. Component\C - TransformC</Filter>
    </ClInclude>
    <ClInclude Include="AnimationC.h">
      <Filter>3. Component\C - AnimationC</Filter>
    </ClInclude>
    <ClInclude Include="Scene_Stage1.h">
      <Filter>5. Scene\Stage\Scene_Stage1</Filter>
    </ClInclude>
    <ClInclude Include="InputManager.h">
      <Filter>2. Manager\%281%29 Singleton\Input</Filter>
    </ClInclude>
    <ClInclude Include="Bullet.h">
      <Filter>3. Component\Game Object\Bullet\Base Bullet</Filter>
    </ClInclude>
    <ClInclude Include="ParticleManager.h">
      <Filter>2. Manager\%281%29 Singleton\Particle</Filter>
    </ClInclude>
    <ClInclude Include="BoxColliderC.h">
      <Filter>3. Component\Collider\C - BoxColliderC</Filter>
    </ClInclude>
    <ClInclude Include="Button.h">
      <Filter>3. Component\Game Object\Button</Filter>
    </ClInclude>
    <ClInclude Include="Boss1_1.h">
      <Filter>3. Component\Game Object\Enemy\Stage 1\Boss</Filter>
    </ClInclude>
    <ClInclude Include="PatternHelper.h">
      <Filter>2. Manager\%282%29 Object\Pattern Helper</Filter>
    </ClInclude>
    <ClInclude Include="Enemy1_1.h">
      <Filter>3. Component\Game Object\Enemy\Stage 1\Enemy 1</Filter>
    </ClInclude>
    <ClInclude Include="Enemy1_2.h">
      <Filter>3. Component\Game Object\Enemy\Stage 1\Enemy 2</Filter>
    </ClInclude>
    <ClInclude Include="BulletPool.h">
      <Filter>2. Manager\%282%29 Object\Object Pool\Bullet Pool</Filter>
    </ClInclude>
    <ClInclude Include="Enemy1_3.h">
      <Filter>3. Component\Game Object\Enemy\Stage 1\Enemy 3</Filter>
    </ClInclude>
    <ClInclude Include="ScrollHelper.h">
      <Filter>2. Manager\%282%29 Object\Scroll Helper</Filter>
    </ClInclude>
    <ClInclude Include="FireHelper.h">
      <Filter>2. Manager\%282%29 Object\Fire Helper</Filter>
    </ClInclude>
  </ItemGroup>
  <ItemGroup>
    <CLInclude Include="resource.h">
      <Filter>Resource Files</Filter>
    </CLInclude>
    <ResourceCompile Include="DX9_Framework_Project.rc">
      <Filter>Resource Files</Filter>
    </ResourceCompile>
  </ItemGroup>
  <ItemGroup>
  </ItemGroup>
</Project>